
Microsoft Visual Studio Solution File, Format Version 12.00
# Visual Studio Version 16
VisualStudioVersion = 16.0.30804.86
MinimumVisualStudioVersion = 10.0.40219.1
Project("{FAE04EC0-301F-11D3-BF4B-00C04F79EFBC}") = "Basic Discord Bot", "Basic Discord Bot\Basic Discord Bot.csproj", "{1FAEBB28-5F68-4890-A5DD-CFC819FDA945}"
EndProject
Global
	GlobalSection(SolutionConfigurationPlatforms) = preSolution
		Debug|Any CPU = Debug|Any CPU
		Release|Any CPU = Release|Any CPU
	EndGlobalSection
	GlobalSection(ProjectConfigurationPlatforms) = postSolution
		{1FAEBB28-5F68-4890-A5DD-CFC819FDA945}.Debug|Any CPU.ActiveCfg = Debug|Any CPU
		{1FAEBB28-5F68-4890-A5DD-CFC819FDA945}.Debug|Any CPU.Build.0 = Debug|Any CPU
		{1FAEBB28-5F68-4890-A5DD-CFC819FDA945}.Release|Any CPU.ActiveCfg = Release|Any CPU
		{1FAEBB28-5F68-4890-A5DD-CFC819FDA945}.Release|Any CPU.Build.0 = Release|Any CPU
	EndGlobalSection
	GlobalSection(SolutionProperties) = preSolution
		HideSolutionNode = FALSE
	EndGlobalSection
	GlobalSection(ExtensibilityGlobals) = postSolution
		SolutionGuid = {0D7B44FC-5F6B-4951-A5F1-1073DC2819C7}
	EndGlobalSection
EndGlobal
