
Microsoft Visual Studio Solution File, Format Version 12.00
# Visual Studio Version 16
VisualStudioVersion = 16.0.29728.190
MinimumVisualStudioVersion = 10.0.40219.1
Project("{FAE04EC0-301F-11D3-BF4B-00C04F79EFBC}") = "Basic DiscordBot", "Basic DiscordBot\Basic DiscordBot.csproj", "{3A83910A-2E64-4C27-9C22-C7D4BCE2C364}"
EndProject
Global
	GlobalSection(SolutionConfigurationPlatforms) = preSolution
		Debug|Any CPU = Debug|Any CPU
		Release|Any CPU = Release|Any CPU
	EndGlobalSection
	GlobalSection(ProjectConfigurationPlatforms) = postSolution
		{3A83910A-2E64-4C27-9C22-C7D4BCE2C364}.Debug|Any CPU.ActiveCfg = Debug|Any CPU
		{3A83910A-2E64-4C27-9C22-C7D4BCE2C364}.Debug|Any CPU.Build.0 = Debug|Any CPU
		{3A83910A-2E64-4C27-9C22-C7D4BCE2C364}.Release|Any CPU.ActiveCfg = Release|Any CPU
		{3A83910A-2E64-4C27-9C22-C7D4BCE2C364}.Release|Any CPU.Build.0 = Release|Any CPU
	EndGlobalSection
	GlobalSection(SolutionProperties) = preSolution
		HideSolutionNode = FALSE
	EndGlobalSection
	GlobalSection(ExtensibilityGlobals) = postSolution
		SolutionGuid = {703AB89E-F810-45D3-8490-5D2272601BBD}
	EndGlobalSection
EndGlobal
